// !$*UTF8*$!
{
	archiveVersion = 1;
	classes = {
	};
	objectVersion = 56;
	objects = {

/* Begin PBXBuildFile section */
		379F245B2A75B97C00FD5B8B /* App.swift in Sources */ = {isa = PBXBuildFile; fileRef = 379F245A2A75B97C00FD5B8B /* App.swift */; };
		379F245D2A75B97C00FD5B8B /* ContentView.swift in Sources */ = {isa = PBXBuildFile; fileRef = 379F245C2A75B97C00FD5B8B /* ContentView.swift */; };
		379F245F2A75B97E00FD5B8B /* Assets.xcassets in Resources */ = {isa = PBXBuildFile; fileRef = 379F245E2A75B97E00FD5B8B /* Assets.xcassets */; };
		379F24622A75B97E00FD5B8B /* Preview Assets.xcassets in Resources */ = {isa = PBXBuildFile; fileRef = 379F24612A75B97E00FD5B8B /* Preview Assets.xcassets */; };
		379F246C2A75B97F00FD5B8B /* AppTests.swift in Sources */ = {isa = PBXBuildFile; fileRef = 379F246B2A75B97F00FD5B8B /* AppTests.swift */; };
		379F24762A75B97F00FD5B8B /* AppUITests.swift in Sources */ = {isa = PBXBuildFile; fileRef = 379F24752A75B97F00FD5B8B /* AppUITests.swift */; };
		379F24782A75B97F00FD5B8B /* AppUITestsLaunchTests.swift in Sources */ = {isa = PBXBuildFile; fileRef = 379F24772A75B97F00FD5B8B /* AppUITestsLaunchTests.swift */; };
		379F24872A75B9E100FD5B8B /* Solver in Frameworks */ = {isa = PBXBuildFile; productRef = 379F24862A75B9E100FD5B8B /* Solver */; };
/* End PBXBuildFile section */

/* Begin PBXContainerItemProxy section */
		379F24682A75B97F00FD5B8B /* PBXContainerItemProxy */ = {
			isa = PBXContainerItemProxy;
			containerPortal = 379F244F2A75B97C00FD5B8B /* Project object */;
			proxyType = 1;
			remoteGlobalIDString = 379F24562A75B97C00FD5B8B;
			remoteInfo = App;
		};
		379F24722A75B97F00FD5B8B /* PBXContainerItemProxy */ = {
			isa = PBXContainerItemProxy;
			containerPortal = 379F244F2A75B97C00FD5B8B /* Project object */;
			proxyType = 1;
			remoteGlobalIDString = 379F24562A75B97C00FD5B8B;
			remoteInfo = App;
		};
/* End PBXContainerItemProxy section */

/* Begin PBXFileReference section */
		379F24572A75B97C00FD5B8B /* App.app */ = {isa = PBXFileReference; explicitFileType = wrapper.application; includeInIndex = 0; path = App.app; sourceTree = BUILT_PRODUCTS_DIR; };
		379F245A2A75B97C00FD5B8B /* App.swift */ = {isa = PBXFileReference; lastKnownFileType = sourcecode.swift; path = App.swift; sourceTree = "<group>"; };
		379F245C2A75B97C00FD5B8B /* ContentView.swift */ = {isa = PBXFileReference; lastKnownFileType = sourcecode.swift; path = ContentView.swift; sourceTree = "<group>"; };
		379F245E2A75B97E00FD5B8B /* Assets.xcassets */ = {isa = PBXFileReference; lastKnownFileType = folder.assetcatalog; path = Assets.xcassets; sourceTree = "<group>"; };
		379F24612A75B97E00FD5B8B /* Preview Assets.xcassets */ = {isa = PBXFileReference; lastKnownFileType = folder.assetcatalog; path = "Preview Assets.xcassets"; sourceTree = "<group>"; };
		379F24672A75B97F00FD5B8B /* AppTests.xctest */ = {isa = PBXFileReference; explicitFileType = wrapper.cfbundle; includeInIndex = 0; path = AppTests.xctest; sourceTree = BUILT_PRODUCTS_DIR; };
		379F246B2A75B97F00FD5B8B /* AppTests.swift */ = {isa = PBXFileReference; lastKnownFileType = sourcecode.swift; path = AppTests.swift; sourceTree = "<group>"; };
		379F24712A75B97F00FD5B8B /* AppUITests.xctest */ = {isa = PBXFileReference; explicitFileType = wrapper.cfbundle; includeInIndex = 0; path = AppUITests.xctest; sourceTree = BUILT_PRODUCTS_DIR; };
		379F24752A75B97F00FD5B8B /* AppUITests.swift */ = {isa = PBXFileReference; lastKnownFileType = sourcecode.swift; path = AppUITests.swift; sourceTree = "<group>"; };
		379F24772A75B97F00FD5B8B /* AppUITestsLaunchTests.swift */ = {isa = PBXFileReference; lastKnownFileType = sourcecode.swift; path = AppUITestsLaunchTests.swift; sourceTree = "<group>"; };
		379F24842A75B9C500FD5B8B /* solver */ = {isa = PBXFileReference; lastKnownFileType = wrapper; name = solver; path = ..; sourceTree = "<group>"; };
/* End PBXFileReference section */

/* Begin PBXFrameworksBuildPhase section */
		379F24542A75B97C00FD5B8B /* Frameworks */ = {
			isa = PBXFrameworksBuildPhase;
			buildActionMask = 2147483647;
			files = (
				379F24872A75B9E100FD5B8B /* Solver in Frameworks */,
			);
			runOnlyForDeploymentPostprocessing = 0;
		};
		379F24642A75B97F00FD5B8B /* Frameworks */ = {
			isa = PBXFrameworksBuildPhase;
			buildActionMask = 2147483647;
			files = (
			);
			runOnlyForDeploymentPostprocessing = 0;
		};
		379F246E2A75B97F00FD5B8B /* Frameworks */ = {
			isa = PBXFrameworksBuildPhase;
			buildActionMask = 2147483647;
			files = (
			);
			runOnlyForDeploymentPostprocessing = 0;
		};
/* End PBXFrameworksBuildPhase section */

/* Begin PBXGroup section */
		379F244E2A75B97C00FD5B8B = {
			isa = PBXGroup;
			children = (
				379F24842A75B9C500FD5B8B /* solver */,
				379F24592A75B97C00FD5B8B /* App */,
				379F246A2A75B97F00FD5B8B /* AppTests */,
				379F24742A75B97F00FD5B8B /* AppUITests */,
				379F24582A75B97C00FD5B8B /* Products */,
				379F24852A75B9E100FD5B8B /* Frameworks */,
			);
			sourceTree = "<group>";
		};
		379F24582A75B97C00FD5B8B /* Products */ = {
			isa = PBXGroup;
			children = (
				379F24572A75B97C00FD5B8B /* App.app */,
				379F24672A75B97F00FD5B8B /* AppTests.xctest */,
				379F24712A75B97F00FD5B8B /* AppUITests.xctest */,
			);
			name = Products;
			sourceTree = "<group>";
		};
		379F24592A75B97C00FD5B8B /* App */ = {
			isa = PBXGroup;
			children = (
				379F245A2A75B97C00FD5B8B /* App.swift */,
				379F245C2A75B97C00FD5B8B /* ContentView.swift */,
				379F245E2A75B97E00FD5B8B /* Assets.xcassets */,
				379F24602A75B97E00FD5B8B /* Preview Content */,
			);
			path = App;
			sourceTree = "<group>";
		};
		379F24602A75B97E00FD5B8B /* Preview Content */ = {
			isa = PBXGroup;
			children = (
				379F24612A75B97E00FD5B8B /* Preview Assets.xcassets */,
			);
			path = "Preview Content";
			sourceTree = "<group>";
		};
		379F246A2A75B97F00FD5B8B /* AppTests */ = {
			isa = PBXGroup;
			children = (
				379F246B2A75B97F00FD5B8B /* AppTests.swift */,
			);
			path = AppTests;
			sourceTree = "<group>";
		};
		379F24742A75B97F00FD5B8B /* AppUITests */ = {
			isa = PBXGroup;
			children = (
				379F24752A75B97F00FD5B8B /* AppUITests.swift */,
				379F24772A75B97F00FD5B8B /* AppUITestsLaunchTests.swift */,
			);
			path = AppUITests;
			sourceTree = "<group>";
		};
		379F24852A75B9E100FD5B8B /* Frameworks */ = {
			isa = PBXGroup;
			children = (
			);
			name = Frameworks;
			sourceTree = "<group>";
		};
/* End PBXGroup section */

/* Begin PBXNativeTarget section */
		379F24562A75B97C00FD5B8B /* App */ = {
			isa = PBXNativeTarget;
			buildConfigurationList = 379F247B2A75B97F00FD5B8B /* Build configuration list for PBXNativeTarget "App" */;
			buildPhases = (
				379F24532A75B97C00FD5B8B /* Sources */,
				379F24542A75B97C00FD5B8B /* Frameworks */,
				379F24552A75B97C00FD5B8B /* Resources */,
			);
			buildRules = (
			);
			dependencies = (
			);
			name = App;
			packageProductDependencies = (
				379F24862A75B9E100FD5B8B /* Solver */,
			);
			productName = App;
			productReference = 379F24572A75B97C00FD5B8B /* App.app */;
			productType = "com.apple.product-type.application";
		};
		379F24662A75B97F00FD5B8B /* AppTests */ = {
			isa = PBXNativeTarget;
			buildConfigurationList = 379F247E2A75B97F00FD5B8B /* Build configuration list for PBXNativeTarget "AppTests" */;
			buildPhases = (
				379F24632A75B97F00FD5B8B /* Sources */,
				379F24642A75B97F00FD5B8B /* Frameworks */,
				379F24652A75B97F00FD5B8B /* Resources */,
			);
			buildRules = (
			);
			dependencies = (
				379F24692A75B97F00FD5B8B /* PBXTargetDependency */,
			);
			name = AppTests;
			productName = AppTests;
			productReference = 379F24672A75B97F00FD5B8B /* AppTests.xctest */;
			productType = "com.apple.product-type.bundle.unit-test";
		};
		379F24702A75B97F00FD5B8B /* AppUITests */ = {
			isa = PBXNativeTarget;
			buildConfigurationList = 379F24812A75B97F00FD5B8B /* Build configuration list for PBXNativeTarget "AppUITests" */;
			buildPhases = (
				379F246D2A75B97F00FD5B8B /* Sources */,
				379F246E2A75B97F00FD5B8B /* Frameworks */,
				379F246F2A75B97F00FD5B8B /* Resources */,
			);
			buildRules = (
			);
			dependencies = (
				379F24732A75B97F00FD5B8B /* PBXTargetDependency */,
			);
			name = AppUITests;
			productName = AppUITests;
			productReference = 379F24712A75B97F00FD5B8B /* AppUITests.xctest */;
			productType = "com.apple.product-type.bundle.ui-testing";
		};
/* End PBXNativeTarget section */

/* Begin PBXProject section */
		379F244F2A75B97C00FD5B8B /* Project object */ = {
			isa = PBXProject;
			attributes = {
				BuildIndependentTargetsInParallel = 1;
				LastSwiftUpdateCheck = 1500;
				LastUpgradeCheck = 1500;
				TargetAttributes = {
					379F24562A75B97C00FD5B8B = {
						CreatedOnToolsVersion = 15.0;
					};
					379F24662A75B97F00FD5B8B = {
						CreatedOnToolsVersion = 15.0;
						TestTargetID = 379F24562A75B97C00FD5B8B;
					};
					379F24702A75B97F00FD5B8B = {
						CreatedOnToolsVersion = 15.0;
						TestTargetID = 379F24562A75B97C00FD5B8B;
					};
				};
			};
			buildConfigurationList = 379F24522A75B97C00FD5B8B /* Build configuration list for PBXProject "App" */;
			compatibilityVersion = "Xcode 14.0";
			developmentRegion = en;
			hasScannedForEncodings = 0;
			knownRegions = (
				en,
				Base,
			);
			mainGroup = 379F244E2A75B97C00FD5B8B;
			productRefGroup = 379F24582A75B97C00FD5B8B /* Products */;
			projectDirPath = "";
			projectRoot = "";
			targets = (
				379F24562A75B97C00FD5B8B /* App */,
				379F24662A75B97F00FD5B8B /* AppTests */,
				379F24702A75B97F00FD5B8B /* AppUITests */,
			);
		};
/* End PBXProject section */

/* Begin PBXResourcesBuildPhase section */
		379F24552A75B97C00FD5B8B /* Resources */ = {
			isa = PBXResourcesBuildPhase;
			buildActionMask = 2147483647;
			files = (
				379F24622A75B97E00FD5B8B /* Preview Assets.xcassets in Resources */,
				379F245F2A75B97E00FD5B8B /* Assets.xcassets in Resources */,
			);
			runOnlyForDeploymentPostprocessing = 0;
		};
		379F24652A75B97F00FD5B8B /* Resources */ = {
			isa = PBXResourcesBuildPhase;
			buildActionMask = 2147483647;
			files = (
			);
			runOnlyForDeploymentPostprocessing = 0;
		};
		379F246F2A75B97F00FD5B8B /* Resources */ = {
			isa = PBXResourcesBuildPhase;
			buildActionMask = 2147483647;
			files = (
			);
			runOnlyForDeploymentPostprocessing = 0;
		};
/* End PBXResourcesBuildPhase section */

/* Begin PBXSourcesBuildPhase section */
		379F24532A75B97C00FD5B8B /* Sources */ = {
			isa = PBXSourcesBuildPhase;
			buildActionMask = 2147483647;
			files = (
				379F245D2A75B97C00FD5B8B /* ContentView.swift in Sources */,
				379F245B2A75B97C00FD5B8B /* App.swift in Sources */,
			);
			runOnlyForDeploymentPostprocessing = 0;
		};
		379F24632A75B97F00FD5B8B /* Sources */ = {
			isa = PBXSourcesBuildPhase;
			buildActionMask = 2147483647;
			files = (
				379F246C2A75B97F00FD5B8B /* AppTests.swift in Sources */,
			);
			runOnlyForDeploymentPostprocessing = 0;
		};
		379F246D2A75B97F00FD5B8B /* Sources */ = {
			isa = PBXSourcesBuildPhase;
			buildActionMask = 2147483647;
			files = (
				379F24782A75B97F00FD5B8B /* AppUITestsLaunchTests.swift in Sources */,
				379F24762A75B97F00FD5B8B /* AppUITests.swift in Sources */,
			);
			runOnlyForDeploymentPostprocessing = 0;
		};
/* End PBXSourcesBuildPhase section */

/* Begin PBXTargetDependency section */
		379F24692A75B97F00FD5B8B /* PBXTargetDependency */ = {
			isa = PBXTargetDependency;
			target = 379F24562A75B97C00FD5B8B /* App */;
			targetProxy = 379F24682A75B97F00FD5B8B /* PBXContainerItemProxy */;
		};
		379F24732A75B97F00FD5B8B /* PBXTargetDependency */ = {
			isa = PBXTargetDependency;
			target = 379F24562A75B97C00FD5B8B /* App */;
			targetProxy = 379F24722A75B97F00FD5B8B /* PBXContainerItemProxy */;
		};
/* End PBXTargetDependency section */

/* Begin XCBuildConfiguration section */
		379F24792A75B97F00FD5B8B /* Debug */ = {
			isa = XCBuildConfiguration;
			buildSettings = {
				ALWAYS_SEARCH_USER_PATHS = NO;
				ASSETCATALOG_COMPILER_GENERATE_SWIFT_ASSET_SYMBOL_EXTENSIONS = YES;
				CLANG_ANALYZER_NONNULL = YES;
				CLANG_ANALYZER_NUMBER_OBJECT_CONVERSION = YES_AGGRESSIVE;
				CLANG_CXX_LANGUAGE_STANDARD = "gnu++20";
				CLANG_ENABLE_MODULES = YES;
				CLANG_ENABLE_OBJC_ARC = YES;
				CLANG_ENABLE_OBJC_WEAK = YES;
				CLANG_WARN_BLOCK_CAPTURE_AUTORELEASING = YES;
				CLANG_WARN_BOOL_CONVERSION = YES;
				CLANG_WARN_COMMA = YES;
				CLANG_WARN_CONSTANT_CONVERSION = YES;
				CLANG_WARN_DEPRECATED_OBJC_IMPLEMENTATIONS = YES;
				CLANG_WARN_DIRECT_OBJC_ISA_USAGE = YES_ERROR;
				CLANG_WARN_DOCUMENTATION_COMMENTS = YES;
				CLANG_WARN_EMPTY_BODY = YES;
				CLANG_WARN_ENUM_CONVERSION = YES;
				CLANG_WARN_INFINITE_RECURSION = YES;
				CLANG_WARN_INT_CONVERSION = YES;
				CLANG_WARN_NON_LITERAL_NULL_CONVERSION = YES;
				CLANG_WARN_OBJC_IMPLICIT_RETAIN_SELF = YES;
				CLANG_WARN_OBJC_LITERAL_CONVERSION = YES;
				CLANG_WARN_OBJC_ROOT_CLASS = YES_ERROR;
				CLANG_WARN_QUOTED_INCLUDE_IN_FRAMEWORK_HEADER = YES;
				CLANG_WARN_RANGE_LOOP_ANALYSIS = YES;
				CLANG_WARN_STRICT_PROTOTYPES = YES;
				CLANG_WARN_SUSPICIOUS_MOVE = YES;
				CLANG_WARN_UNGUARDED_AVAILABILITY = YES_AGGRESSIVE;
				CLANG_WARN_UNREACHABLE_CODE = YES;
				CLANG_WARN__DUPLICATE_METHOD_MATCH = YES;
				COPY_PHASE_STRIP = NO;
				DEBUG_INFORMATION_FORMAT = dwarf;
				ENABLE_STRICT_OBJC_MSGSEND = YES;
				ENABLE_TESTABILITY = YES;
				ENABLE_USER_SCRIPT_SANDBOXING = YES;
				GCC_C_LANGUAGE_STANDARD = gnu17;
				GCC_DYNAMIC_NO_PIC = NO;
				GCC_NO_COMMON_BLOCKS = YES;
				GCC_OPTIMIZATION_LEVEL = 0;
				GCC_PREPROCESSOR_DEFINITIONS = (
					"DEBUG=1",
					"$(inherited)",
				);
				GCC_WARN_64_TO_32_BIT_CONVERSION = YES;
				GCC_WARN_ABOUT_RETURN_TYPE = YES_ERROR;
				GCC_WARN_UNDECLARED_SELECTOR = YES;
				GCC_WARN_UNINITIALIZED_AUTOS = YES_AGGRESSIVE;
				GCC_WARN_UNUSED_FUNCTION = YES;
				GCC_WARN_UNUSED_VARIABLE = YES;
				IPHONEOS_DEPLOYMENT_TARGET = 17.0;
				LOCALIZATION_PREFERS_STRING_CATALOGS = YES;
				MTL_ENABLE_DEBUG_INFO = INCLUDE_SOURCE;
				MTL_FAST_MATH = YES;
				ONLY_ACTIVE_ARCH = YES;
				SDKROOT = iphoneos;
				SWIFT_ACTIVE_COMPILATION_CONDITIONS = "DEBUG $(inherited)";
				SWIFT_OPTIMIZATION_LEVEL = "-Onone";
			};
			name = Debug;
		};
		379F247A2A75B97F00FD5B8B /* Release */ = {
			isa = XCBuildConfiguration;
			buildSettings = {
				ALWAYS_SEARCH_USER_PATHS = NO;
				ASSETCATALOG_COMPILER_GENERATE_SWIFT_ASSET_SYMBOL_EXTENSIONS = YES;
				CLANG_ANALYZER_NONNULL = YES;
				CLANG_ANALYZER_NUMBER_OBJECT_CONVERSION = YES_AGGRESSIVE;
				CLANG_CXX_LANGUAGE_STANDARD = "gnu++20";
				CLANG_ENABLE_MODULES = YES;
				CLANG_ENABLE_OBJC_ARC = YES;
				CLANG_ENABLE_OBJC_WEAK = YES;
				CLANG_WARN_BLOCK_CAPTURE_AUTORELEASING = YES;
				CLANG_WARN_BOOL_CONVERSION = YES;
				CLANG_WARN_COMMA = YES;
				CLANG_WARN_CONSTANT_CONVERSION = YES;
				CLANG_WARN_DEPRECATED_OBJC_IMPLEMENTATIONS = YES;
				CLANG_WARN_DIRECT_OBJC_ISA_USAGE = YES_ERROR;
				CLANG_WARN_DOCUMENTATION_COMMENTS = YES;
				CLANG_WARN_EMPTY_BODY = YES;
				CLANG_WARN_ENUM_CONVERSION = YES;
				CLANG_WARN_INFINITE_RECURSION = YES;
				CLANG_WARN_INT_CONVERSION = YES;
				CLANG_WARN_NON_LITERAL_NULL_CONVERSION = YES;
				CLANG_WARN_OBJC_IMPLICIT_RETAIN_SELF = YES;
				CLANG_WARN_OBJC_LITERAL_CONVERSION = YES;
				CLANG_WARN_OBJC_ROOT_CLASS = YES_ERROR;
				CLANG_WARN_QUOTED_INCLUDE_IN_FRAMEWORK_HEADER = YES;
				CLANG_WARN_RANGE_LOOP_ANALYSIS = YES;
				CLANG_WARN_STRICT_PROTOTYPES = YES;
				CLANG_WARN_SUSPICIOUS_MOVE = YES;
				CLANG_WARN_UNGUARDED_AVAILABILITY = YES_AGGRESSIVE;
				CLANG_WARN_UNREACHABLE_CODE = YES;
				CLANG_WARN__DUPLICATE_METHOD_MATCH = YES;
				COPY_PHASE_STRIP = NO;
				DEBUG_INFORMATION_FORMAT = "dwarf-with-dsym";
				ENABLE_NS_ASSERTIONS = NO;
				ENABLE_STRICT_OBJC_MSGSEND = YES;
				ENABLE_USER_SCRIPT_SANDBOXING = YES;
				GCC_C_LANGUAGE_STANDARD = gnu17;
				GCC_NO_COMMON_BLOCKS = YES;
				GCC_WARN_64_TO_32_BIT_CONVERSION = YES;
				GCC_WARN_ABOUT_RETURN_TYPE = YES_ERROR;
				GCC_WARN_UNDECLARED_SELECTOR = YES;
				GCC_WARN_UNINITIALIZED_AUTOS = YES_AGGRESSIVE;
				GCC_WARN_UNUSED_FUNCTION = YES;
				GCC_WARN_UNUSED_VARIABLE = YES;
				IPHONEOS_DEPLOYMENT_TARGET = 17.0;
				LOCALIZATION_PREFERS_STRING_CATALOGS = YES;
				MTL_ENABLE_DEBUG_INFO = NO;
				MTL_FAST_MATH = YES;
				SDKROOT = iphoneos;
				SWIFT_COMPILATION_MODE = wholemodule;
				VALIDATE_PRODUCT = YES;
			};
			name = Release;
		};
		379F247C2A75B97F00FD5B8B /* Debug */ = {
			isa = XCBuildConfiguration;
			buildSettings = {
				ASSETCATALOG_COMPILER_APPICON_NAME = AppIcon;
				ASSETCATALOG_COMPILER_GLOBAL_ACCENT_COLOR_NAME = AccentColor;
				CODE_SIGN_STYLE = Automatic;
				CURRENT_PROJECT_VERSION = 1;
				DEVELOPMENT_ASSET_PATHS = "\"App/Preview Content\"";
				ENABLE_PREVIEWS = YES;
				GENERATE_INFOPLIST_FILE = YES;
				INFOPLIST_KEY_UIApplicationSceneManifest_Generation = YES;
				INFOPLIST_KEY_UIApplicationSupportsIndirectInputEvents = YES;
				INFOPLIST_KEY_UILaunchScreen_Generation = YES;
				INFOPLIST_KEY_UISupportedInterfaceOrientations_iPad = "UIInterfaceOrientationPortrait UIInterfaceOrientationPortraitUpsideDown UIInterfaceOrientationLandscapeLeft UIInterfaceOrientationLandscapeRight";
				INFOPLIST_KEY_UISupportedInterfaceOrientations_iPhone = "UIInterfaceOrientationPortrait UIInterfaceOrientationLandscapeLeft UIInterfaceOrientationLandscapeRight";
				LD_RUNPATH_SEARCH_PATHS = (
					"$(inherited)",
					"@executable_path/Frameworks",
				);
				MARKETING_VERSION = 1.0;
				PRODUCT_BUNDLE_IDENTIFIER = "com.eclectic-coder-dev.App";
				PRODUCT_NAME = "$(TARGET_NAME)";
				SWIFT_EMIT_LOC_STRINGS = YES;
				SWIFT_VERSION = 5.0;
				TARGETED_DEVICE_FAMILY = "1,2";
			};
			name = Debug;
		};
		379F247D2A75B97F00FD5B8B /* Release */ = {
			isa = XCBuildConfiguration;
			buildSettings = {
				ASSETCATALOG_COMPILER_APPICON_NAME = AppIcon;
				ASSETCATALOG_COMPILER_GLOBAL_ACCENT_COLOR_NAME = AccentColor;
				CODE_SIGN_STYLE = Automatic;
				CURRENT_PROJECT_VERSION = 1;
				DEVELOPMENT_ASSET_PATHS = "\"App/Preview Content\"";
				ENABLE_PREVIEWS = YES;
				GENERATE_INFOPLIST_FILE = YES;
				INFOPLIST_KEY_UIApplicationSceneManifest_Generation = YES;
				INFOPLIST_KEY_UIApplicationSupportsIndirectInputEvents = YES;
				INFOPLIST_KEY_UILaunchScreen_Generation = YES;
				INFOPLIST_KEY_UISupportedInterfaceOrientations_iPad = "UIInterfaceOrientationPortrait UIInterfaceOrientationPortraitUpsideDown UIInterfaceOrientationLandscapeLeft UIInterfaceOrientationLandscapeRight";
				INFOPLIST_KEY_UISupportedInterfaceOrientations_iPhone = "UIInterfaceOrientationPortrait UIInterfaceOrientationLandscapeLeft UIInterfaceOrientationLandscapeRight";
				LD_RUNPATH_SEARCH_PATHS = (
					"$(inherited)",
					"@executable_path/Frameworks",
				);
				MARKETING_VERSION = 1.0;
				PRODUCT_BUNDLE_IDENTIFIER = "com.eclectic-coder-dev.App";
				PRODUCT_NAME = "$(TARGET_NAME)";
				SWIFT_EMIT_LOC_STRINGS = YES;
				SWIFT_VERSION = 5.0;
				TARGETED_DEVICE_FAMILY = "1,2";
			};
			name = Release;
		};
		379F247F2A75B97F00FD5B8B /* Debug */ = {
			isa = XCBuildConfiguration;
			buildSettings = {
				ALWAYS_EMBED_SWIFT_STANDARD_LIBRARIES = YES;
				BUNDLE_LOADER = "$(TEST_HOST)";
				CODE_SIGN_STYLE = Automatic;
				CURRENT_PROJECT_VERSION = 1;
				GENERATE_INFOPLIST_FILE = YES;
				IPHONEOS_DEPLOYMENT_TARGET = 17.0;
				MARKETING_VERSION = 1.0;
				PRODUCT_BUNDLE_IDENTIFIER = "com.eclectic-coder-dev.AppTests";
				PRODUCT_NAME = "$(TARGET_NAME)";
				SWIFT_EMIT_LOC_STRINGS = NO;
				SWIFT_VERSION = 5.0;
				TARGETED_DEVICE_FAMILY = "1,2";
				TEST_HOST = "$(BUILT_PRODUCTS_DIR)/App.app/$(BUNDLE_EXECUTABLE_FOLDER_PATH)/App";
			};
			name = Debug;
		};
		379F24802A75B97F00FD5B8B /* Release */ = {
			isa = XCBuildConfiguration;
			buildSettings = {
				ALWAYS_EMBED_SWIFT_STANDARD_LIBRARIES = YES;
				BUNDLE_LOADER = "$(TEST_HOST)";
				CODE_SIGN_STYLE = Automatic;
				CURRENT_PROJECT_VERSION = 1;
				GENERATE_INFOPLIST_FILE = YES;
				IPHONEOS_DEPLOYMENT_TARGET = 17.0;
				MARKETING_VERSION = 1.0;
				PRODUCT_BUNDLE_IDENTIFIER = "com.eclectic-coder-dev.AppTests";
				PRODUCT_NAME = "$(TARGET_NAME)";
				SWIFT_EMIT_LOC_STRINGS = NO;
				SWIFT_VERSION = 5.0;
				TARGETED_DEVICE_FAMILY = "1,2";
				TEST_HOST = "$(BUILT_PRODUCTS_DIR)/App.app/$(BUNDLE_EXECUTABLE_FOLDER_PATH)/App";
			};
			name = Release;
		};
		379F24822A75B97F00FD5B8B /* Debug */ = {
			isa = XCBuildConfiguration;
			buildSettings = {
				ALWAYS_EMBED_SWIFT_STANDARD_LIBRARIES = YES;
				CODE_SIGN_STYLE = Automatic;
				CURRENT_PROJECT_VERSION = 1;
				GENERATE_INFOPLIST_FILE = YES;
				MARKETING_VERSION = 1.0;
				PRODUCT_BUNDLE_IDENTIFIER = "com.eclectic-coder-dev.AppUITests";
				PRODUCT_NAME = "$(TARGET_NAME)";
				SWIFT_EMIT_LOC_STRINGS = NO;
				SWIFT_VERSION = 5.0;
				TARGETED_DEVICE_FAMILY = "1,2";
				TEST_TARGET_NAME = App;
			};
			name = Debug;
		};
		379F24832A75B97F00FD5B8B /* Release */ = {
			isa = XCBuildConfiguration;
			buildSettings = {
				ALWAYS_EMBED_SWIFT_STANDARD_LIBRARIES = YES;
				CODE_SIGN_STYLE = Automatic;
				CURRENT_PROJECT_VERSION = 1;
				GENERATE_INFOPLIST_FILE = YES;
				MARKETING_VERSION = 1.0;
				PRODUCT_BUNDLE_IDENTIFIER = "com.eclectic-coder-dev.AppUITests";
				PRODUCT_NAME = "$(TARGET_NAME)";
				SWIFT_EMIT_LOC_STRINGS = NO;
				SWIFT_VERSION = 5.0;
				TARGETED_DEVICE_FAMILY = "1,2";
				TEST_TARGET_NAME = App;
			};
			name = Release;
		};
/* End XCBuildConfiguration section */

/* Begin XCConfigurationList section */
		379F24522A75B97C00FD5B8B /* Build configuration list for PBXProject "App" */ = {
			isa = XCConfigurationList;
			buildConfigurations = (
				379F24792A75B97F00FD5B8B /* Debug */,
				379F247A2A75B97F00FD5B8B /* Release */,
			);
			defaultConfigurationIsVisible = 0;
			defaultConfigurationName = Release;
		};
		379F247B2A75B97F00FD5B8B /* Build configuration list for PBXNativeTarget "App" */ = {
			isa = XCConfigurationList;
			buildConfigurations = (
				379F247C2A75B97F00FD5B8B /* Debug */,
				379F247D2A75B97F00FD5B8B /* Release */,
			);
			defaultConfigurationIsVisible = 0;
			defaultConfigurationName = Release;
		};
		379F247E2A75B97F00FD5B8B /* Build configuration list for PBXNativeTarget "AppTests" */ = {
			isa = XCConfigurationList;
			buildConfigurations = (
				379F247F2A75B97F00FD5B8B /* Debug */,
				379F24802A75B97F00FD5B8B /* Release */,
			);
			defaultConfigurationIsVisible = 0;
			defaultConfigurationName = Release;
		};
		379F24812A75B97F00FD5B8B /* Build configuration list for PBXNativeTarget "AppUITests" */ = {
			isa = XCConfigurationList;
			buildConfigurations = (
				379F24822A75B97F00FD5B8B /* Debug */,
				379F24832A75B97F00FD5B8B /* Release */,
			);
			defaultConfigurationIsVisible = 0;
			defaultConfigurationName = Release;
		};
/* End XCConfigurationList section */

/* Begin XCSwiftPackageProductDependency section */
		379F24862A75B9E100FD5B8B /* Solver */ = {
			isa = XCSwiftPackageProductDependency;
			productName = Solver;
		};
/* End XCSwiftPackageProductDependency section */
	};
	rootObject = 379F244F2A75B97C00FD5B8B /* Project object */;
}
